
Microsoft Visual Studio Solution File, Format Version 12.00
# Visual Studio 15
VisualStudioVersion = 15.0.27130.2024
MinimumVisualStudioVersion = 10.0.40219.1
Project("{FAE04EC0-301F-11D3-BF4B-00C04F79EFBC}") = "AbpWebProject.Host", "AbpWebProject.Host\AbpWebProject.Host.csproj", "{306DFAF7-3B96-469F-A660-440A2A3177B1}"
EndProject
Project("{FAE04EC0-301F-11D3-BF4B-00C04F79EFBC}") = "AbpProject.Application", "AbpProject.Application\AbpProject.Application.csproj", "{EF09CA51-1DFD-414D-A5DB-F9789E897BF3}"
EndProject
Project("{FAE04EC0-301F-11D3-BF4B-00C04F79EFBC}") = "AbpProject.Core", "AbpProject.Core\AbpProject.Core.csproj", "{BD2FB501-D908-4903-8ADE-4FD4A5307B0F}"
EndProject
Project("{FAE04EC0-301F-11D3-BF4B-00C04F79EFBC}") = "AbpProject.EFCore", "AbpProject.EFCore\AbpProject.EFCore.csproj", "{12861EA8-1F03-4E09-A4BF-A3127B2F8E16}"
EndProject
Global
	GlobalSection(SolutionConfigurationPlatforms) = preSolution
		Debug|Any CPU = Debug|Any CPU
		Release|Any CPU = Release|Any CPU
	EndGlobalSection
	GlobalSection(ProjectConfigurationPlatforms) = postSolution
		{306DFAF7-3B96-469F-A660-440A2A3177B1}.Debug|Any CPU.ActiveCfg = Debug|Any CPU
		{306DFAF7-3B96-469F-A660-440A2A3177B1}.Debug|Any CPU.Build.0 = Debug|Any CPU
		{306DFAF7-3B96-469F-A660-440A2A3177B1}.Release|Any CPU.ActiveCfg = Release|Any CPU
		{306DFAF7-3B96-469F-A660-440A2A3177B1}.Release|Any CPU.Build.0 = Release|Any CPU
		{EF09CA51-1DFD-414D-A5DB-F9789E897BF3}.Debug|Any CPU.ActiveCfg = Debug|Any CPU
		{EF09CA51-1DFD-414D-A5DB-F9789E897BF3}.Debug|Any CPU.Build.0 = Debug|Any CPU
		{EF09CA51-1DFD-414D-A5DB-F9789E897BF3}.Release|Any CPU.ActiveCfg = Release|Any CPU
		{EF09CA51-1DFD-414D-A5DB-F9789E897BF3}.Release|Any CPU.Build.0 = Release|Any CPU
		{BD2FB501-D908-4903-8ADE-4FD4A5307B0F}.Debug|Any CPU.ActiveCfg = Debug|Any CPU
		{BD2FB501-D908-4903-8ADE-4FD4A5307B0F}.Debug|Any CPU.Build.0 = Debug|Any CPU
		{BD2FB501-D908-4903-8ADE-4FD4A5307B0F}.Release|Any CPU.ActiveCfg = Release|Any CPU
		{BD2FB501-D908-4903-8ADE-4FD4A5307B0F}.Release|Any CPU.Build.0 = Release|Any CPU
		{12861EA8-1F03-4E09-A4BF-A3127B2F8E16}.Debug|Any CPU.ActiveCfg = Debug|Any CPU
		{12861EA8-1F03-4E09-A4BF-A3127B2F8E16}.Debug|Any CPU.Build.0 = Debug|Any CPU
		{12861EA8-1F03-4E09-A4BF-A3127B2F8E16}.Release|Any CPU.ActiveCfg = Release|Any CPU
		{12861EA8-1F03-4E09-A4BF-A3127B2F8E16}.Release|Any CPU.Build.0 = Release|Any CPU
	EndGlobalSection
	GlobalSection(SolutionProperties) = preSolution
		HideSolutionNode = FALSE
	EndGlobalSection
	GlobalSection(ExtensibilityGlobals) = postSolution
		SolutionGuid = {7C1831D5-B5C7-44BB-BBB9-93AAAD034077}
	EndGlobalSection
EndGlobal
